
Microsoft Visual Studio Solution File, Format Version 11.00
# Visual Studio 2010
Project("{FAE04EC0-301F-11D3-BF4B-00C04F79EFBC}") = "AirhornSoundEditor", "AirhornSoundEditor\AirhornSoundEditor.csproj", "{D2194E15-0BA3-4D33-AF9E-B64F822E83F1}"
EndProject
Project("{54435603-DBB4-11D2-8724-00A0C9A8B90C}") = "AirhornSoundEditor.Setup", "AirhornSoundEditor.Setup\AirhornSoundEditor.Setup.vdproj", "{98A201F5-E942-4576-AEC5-2126BB969CD2}"
EndProject
Global
	GlobalSection(SolutionConfigurationPlatforms) = preSolution
		Debug|x86 = Debug|x86
		Release|x86 = Release|x86
	EndGlobalSection
	GlobalSection(ProjectConfigurationPlatforms) = postSolution
		{D2194E15-0BA3-4D33-AF9E-B64F822E83F1}.Debug|x86.ActiveCfg = Debug|x86
		{D2194E15-0BA3-4D33-AF9E-B64F822E83F1}.Debug|x86.Build.0 = Debug|x86
		{D2194E15-0BA3-4D33-AF9E-B64F822E83F1}.Release|x86.ActiveCfg = Release|x86
		{D2194E15-0BA3-4D33-AF9E-B64F822E83F1}.Release|x86.Build.0 = Release|x86
		{98A201F5-E942-4576-AEC5-2126BB969CD2}.Debug|x86.ActiveCfg = Debug
		{98A201F5-E942-4576-AEC5-2126BB969CD2}.Release|x86.ActiveCfg = Release
	EndGlobalSection
	GlobalSection(SolutionProperties) = preSolution
		HideSolutionNode = FALSE
	EndGlobalSection
EndGlobal
